// !$*UTF8*$!
{
	archiveVersion = 1;
	classes = {
	};
	objectVersion = 56;
	objects = {

/* Begin PBXBuildFile section */
		4731B7202BC16BB800F38239 /* NetflixClone2App.swift in Sources */ = {isa = PBXBuildFile; fileRef = 4731B71F2BC16BB800F38239 /* NetflixClone2App.swift */; };
		4731B7222BC16BB800F38239 /* ContentView.swift in Sources */ = {isa = PBXBuildFile; fileRef = 4731B7212BC16BB800F38239 /* ContentView.swift */; };
		4731B7242BC16BB900F38239 /* Assets.xcassets in Resources */ = {isa = PBXBuildFile; fileRef = 4731B7232BC16BB900F38239 /* Assets.xcassets */; };
		4731B7282BC16BB900F38239 /* Preview Assets.xcassets in Resources */ = {isa = PBXBuildFile; fileRef = 4731B7272BC16BB900F38239 /* Preview Assets.xcassets */; };
		4731B7322BC16FF800F38239 /* HomeView.swift in Sources */ = {isa = PBXBuildFile; fileRef = 4731B7312BC16FF800F38239 /* HomeView.swift */; };
		4731B7352BC1724C00F38239 /* Kingfisher in Frameworks */ = {isa = PBXBuildFile; productRef = 4731B7342BC1724C00F38239 /* Kingfisher */; };
		4731B7382BC1731900F38239 /* Movie.swift in Sources */ = {isa = PBXBuildFile; fileRef = 4731B7372BC1731900F38239 /* Movie.swift */; };
		4731B73D2BC1741200F38239 /* StandardHomeMovie.swift in Sources */ = {isa = PBXBuildFile; fileRef = 4731B73C2BC1741200F38239 /* StandardHomeMovie.swift */; };
		4731B7402BC1746E00F38239 /* GlobalHelpers.swift in Sources */ = {isa = PBXBuildFile; fileRef = 4731B73F2BC1746E00F38239 /* GlobalHelpers.swift */; };
		4731B7432BC178A800F38239 /* HomeViewModel.swift in Sources */ = {isa = PBXBuildFile; fileRef = 4731B7422BC178A800F38239 /* HomeViewModel.swift */; };
		4731B7452BC18A2000F38239 /* TopMoviePreview.swift in Sources */ = {isa = PBXBuildFile; fileRef = 4731B7442BC18A2000F38239 /* TopMoviePreview.swift */; };
		4731B7472BC1924400F38239 /* SmallVerticalButton.swift in Sources */ = {isa = PBXBuildFile; fileRef = 4731B7462BC1924400F38239 /* SmallVerticalButton.swift */; };
		4731B7492BC4040C00F38239 /* WhiteButton.swift in Sources */ = {isa = PBXBuildFile; fileRef = 4731B7482BC4040C00F38239 /* WhiteButton.swift */; };
/* End PBXBuildFile section */

/* Begin PBXFileReference section */
		4731B71C2BC16BB800F38239 /* NetflixClone2.app */ = {isa = PBXFileReference; explicitFileType = wrapper.application; includeInIndex = 0; path = NetflixClone2.app; sourceTree = BUILT_PRODUCTS_DIR; };
		4731B71F2BC16BB800F38239 /* NetflixClone2App.swift */ = {isa = PBXFileReference; lastKnownFileType = sourcecode.swift; path = NetflixClone2App.swift; sourceTree = "<group>"; };
		4731B7212BC16BB800F38239 /* ContentView.swift */ = {isa = PBXFileReference; lastKnownFileType = sourcecode.swift; path = ContentView.swift; sourceTree = "<group>"; };
		4731B7232BC16BB900F38239 /* Assets.xcassets */ = {isa = PBXFileReference; lastKnownFileType = folder.assetcatalog; path = Assets.xcassets; sourceTree = "<group>"; };
		4731B7252BC16BB900F38239 /* NetflixClone2.entitlements */ = {isa = PBXFileReference; lastKnownFileType = text.plist.entitlements; path = NetflixClone2.entitlements; sourceTree = "<group>"; };
		4731B7272BC16BB900F38239 /* Preview Assets.xcassets */ = {isa = PBXFileReference; lastKnownFileType = folder.assetcatalog; path = "Preview Assets.xcassets"; sourceTree = "<group>"; };
		4731B7312BC16FF800F38239 /* HomeView.swift */ = {isa = PBXFileReference; lastKnownFileType = sourcecode.swift; path = HomeView.swift; sourceTree = "<group>"; };
		4731B7372BC1731900F38239 /* Movie.swift */ = {isa = PBXFileReference; lastKnownFileType = sourcecode.swift; path = Movie.swift; sourceTree = "<group>"; };
		4731B73C2BC1741200F38239 /* StandardHomeMovie.swift */ = {isa = PBXFileReference; lastKnownFileType = sourcecode.swift; path = StandardHomeMovie.swift; sourceTree = "<group>"; };
		4731B73F2BC1746E00F38239 /* GlobalHelpers.swift */ = {isa = PBXFileReference; lastKnownFileType = sourcecode.swift; path = GlobalHelpers.swift; sourceTree = "<group>"; };
		4731B7422BC178A800F38239 /* HomeViewModel.swift */ = {isa = PBXFileReference; lastKnownFileType = sourcecode.swift; path = HomeViewModel.swift; sourceTree = "<group>"; };
		4731B7442BC18A2000F38239 /* TopMoviePreview.swift */ = {isa = PBXFileReference; lastKnownFileType = sourcecode.swift; path = TopMoviePreview.swift; sourceTree = "<group>"; };
		4731B7462BC1924400F38239 /* SmallVerticalButton.swift */ = {isa = PBXFileReference; lastKnownFileType = sourcecode.swift; path = SmallVerticalButton.swift; sourceTree = "<group>"; };
		4731B7482BC4040C00F38239 /* WhiteButton.swift */ = {isa = PBXFileReference; lastKnownFileType = sourcecode.swift; path = WhiteButton.swift; sourceTree = "<group>"; };
/* End PBXFileReference section */

/* Begin PBXFrameworksBuildPhase section */
		4731B7192BC16BB800F38239 /* Frameworks */ = {
			isa = PBXFrameworksBuildPhase;
			buildActionMask = 2147483647;
			files = (
				4731B7352BC1724C00F38239 /* Kingfisher in Frameworks */,
			);
			runOnlyForDeploymentPostprocessing = 0;
		};
/* End PBXFrameworksBuildPhase section */

/* Begin PBXGroup section */
		4731B7132BC16BB800F38239 = {
			isa = PBXGroup;
			children = (
				4731B71E2BC16BB800F38239 /* NetflixClone2 */,
				4731B71D2BC16BB800F38239 /* Products */,
			);
			sourceTree = "<group>";
		};
		4731B71D2BC16BB800F38239 /* Products */ = {
			isa = PBXGroup;
			children = (
				4731B71C2BC16BB800F38239 /* NetflixClone2.app */,
			);
			name = Products;
			sourceTree = "<group>";
		};
		4731B71E2BC16BB800F38239 /* NetflixClone2 */ = {
			isa = PBXGroup;
			children = (
				4731B7302BC16FAE00F38239 /* iOS */,
				4731B71F2BC16BB800F38239 /* NetflixClone2App.swift */,
				4731B7212BC16BB800F38239 /* ContentView.swift */,
				4731B7232BC16BB900F38239 /* Assets.xcassets */,
				4731B7252BC16BB900F38239 /* NetflixClone2.entitlements */,
				4731B7262BC16BB900F38239 /* Preview Content */,
			);
			path = NetflixClone2;
			sourceTree = "<group>";
		};
		4731B7262BC16BB900F38239 /* Preview Content */ = {
			isa = PBXGroup;
			children = (
				4731B7272BC16BB900F38239 /* Preview Assets.xcassets */,
			);
			path = "Preview Content";
			sourceTree = "<group>";
		};
		4731B7302BC16FAE00F38239 /* iOS */ = {
			isa = PBXGroup;
			children = (
				4731B7412BC1788E00F38239 /* ViewModels */,
				4731B73E2BC1746200F38239 /* Helpers */,
				4731B7392BC173E400F38239 /* Views */,
				4731B7362BC1730B00F38239 /* Models */,
			);
			path = iOS;
			sourceTree = "<group>";
		};
		4731B7362BC1730B00F38239 /* Models */ = {
			isa = PBXGroup;
			children = (
				4731B7372BC1731900F38239 /* Movie.swift */,
			);
			path = Models;
			sourceTree = "<group>";
		};
		4731B7392BC173E400F38239 /* Views */ = {
			isa = PBXGroup;
			children = (
				4731B7312BC16FF800F38239 /* HomeView.swift */,
				4731B73C2BC1741200F38239 /* StandardHomeMovie.swift */,
				4731B7442BC18A2000F38239 /* TopMoviePreview.swift */,
				4731B7462BC1924400F38239 /* SmallVerticalButton.swift */,
				4731B7482BC4040C00F38239 /* WhiteButton.swift */,
			);
			path = Views;
			sourceTree = "<group>";
		};
		4731B73E2BC1746200F38239 /* Helpers */ = {
			isa = PBXGroup;
			children = (
				4731B73F2BC1746E00F38239 /* GlobalHelpers.swift */,
			);
			path = Helpers;
			sourceTree = "<group>";
		};
		4731B7412BC1788E00F38239 /* ViewModels */ = {
			isa = PBXGroup;
			children = (
				4731B7422BC178A800F38239 /* HomeViewModel.swift */,
			);
			path = ViewModels;
			sourceTree = "<group>";
		};
/* End PBXGroup section */

/* Begin PBXNativeTarget section */
		4731B71B2BC16BB800F38239 /* NetflixClone2 */ = {
			isa = PBXNativeTarget;
			buildConfigurationList = 4731B72B2BC16BB900F38239 /* Build configuration list for PBXNativeTarget "NetflixClone2" */;
			buildPhases = (
				4731B7182BC16BB800F38239 /* Sources */,
				4731B7192BC16BB800F38239 /* Frameworks */,
				4731B71A2BC16BB800F38239 /* Resources */,
			);
			buildRules = (
			);
			dependencies = (
			);
			name = NetflixClone2;
			packageProductDependencies = (
				4731B7342BC1724C00F38239 /* Kingfisher */,
			);
			productName = NetflixClone2;
			productReference = 4731B71C2BC16BB800F38239 /* NetflixClone2.app */;
			productType = "com.apple.product-type.application";
		};
/* End PBXNativeTarget section */

/* Begin PBXProject section */
		4731B7142BC16BB800F38239 /* Project object */ = {
			isa = PBXProject;
			attributes = {
				BuildIndependentTargetsInParallel = 1;
				LastSwiftUpdateCheck = 1530;
				LastUpgradeCheck = 1530;
				TargetAttributes = {
					4731B71B2BC16BB800F38239 = {
						CreatedOnToolsVersion = 15.3;
					};
				};
			};
			buildConfigurationList = 4731B7172BC16BB800F38239 /* Build configuration list for PBXProject "NetflixClone2" */;
			compatibilityVersion = "Xcode 14.0";
			developmentRegion = en;
			hasScannedForEncodings = 0;
			knownRegions = (
				en,
				Base,
			);
			mainGroup = 4731B7132BC16BB800F38239;
			packageReferences = (
				4731B7332BC1724C00F38239 /* XCRemoteSwiftPackageReference "Kingfisher" */,
			);
			productRefGroup = 4731B71D2BC16BB800F38239 /* Products */;
			projectDirPath = "";
			projectRoot = "";
			targets = (
				4731B71B2BC16BB800F38239 /* NetflixClone2 */,
			);
		};
/* End PBXProject section */

/* Begin PBXResourcesBuildPhase section */
		4731B71A2BC16BB800F38239 /* Resources */ = {
			isa = PBXResourcesBuildPhase;
			buildActionMask = 2147483647;
			files = (
				4731B7282BC16BB900F38239 /* Preview Assets.xcassets in Resources */,
				4731B7242BC16BB900F38239 /* Assets.xcassets in Resources */,
			);
			runOnlyForDeploymentPostprocessing = 0;
		};
/* End PBXResourcesBuildPhase section */

/* Begin PBXSourcesBuildPhase section */
		4731B7182BC16BB800F38239 /* Sources */ = {
			isa = PBXSourcesBuildPhase;
			buildActionMask = 2147483647;
			files = (
				4731B7402BC1746E00F38239 /* GlobalHelpers.swift in Sources */,
				4731B73D2BC1741200F38239 /* StandardHomeMovie.swift in Sources */,
				4731B7432BC178A800F38239 /* HomeViewModel.swift in Sources */,
				4731B7322BC16FF800F38239 /* HomeView.swift in Sources */,
				4731B7222BC16BB800F38239 /* ContentView.swift in Sources */,
				4731B7452BC18A2000F38239 /* TopMoviePreview.swift in Sources */,
				4731B7382BC1731900F38239 /* Movie.swift in Sources */,
				4731B7202BC16BB800F38239 /* NetflixClone2App.swift in Sources */,
				4731B7472BC1924400F38239 /* SmallVerticalButton.swift in Sources */,
				4731B7492BC4040C00F38239 /* WhiteButton.swift in Sources */,
			);
			runOnlyForDeploymentPostprocessing = 0;
		};
/* End PBXSourcesBuildPhase section */

/* Begin XCBuildConfiguration section */
		4731B7292BC16BB900F38239 /* Debug */ = {
			isa = XCBuildConfiguration;
			buildSettings = {
				ALWAYS_SEARCH_USER_PATHS = NO;
				ASSETCATALOG_COMPILER_GENERATE_SWIFT_ASSET_SYMBOL_EXTENSIONS = YES;
				CLANG_ANALYZER_NONNULL = YES;
				CLANG_ANALYZER_NUMBER_OBJECT_CONVERSION = YES_AGGRESSIVE;
				CLANG_CXX_LANGUAGE_STANDARD = "gnu++20";
				CLANG_ENABLE_MODULES = YES;
				CLANG_ENABLE_OBJC_ARC = YES;
				CLANG_ENABLE_OBJC_WEAK = YES;
				CLANG_WARN_BLOCK_CAPTURE_AUTORELEASING = YES;
				CLANG_WARN_BOOL_CONVERSION = YES;
				CLANG_WARN_COMMA = YES;
				CLANG_WARN_CONSTANT_CONVERSION = YES;
				CLANG_WARN_DEPRECATED_OBJC_IMPLEMENTATIONS = YES;
				CLANG_WARN_DIRECT_OBJC_ISA_USAGE = YES_ERROR;
				CLANG_WARN_DOCUMENTATION_COMMENTS = YES;
				CLANG_WARN_EMPTY_BODY = YES;
				CLANG_WARN_ENUM_CONVERSION = YES;
				CLANG_WARN_INFINITE_RECURSION = YES;
				CLANG_WARN_INT_CONVERSION = YES;
				CLANG_WARN_NON_LITERAL_NULL_CONVERSION = YES;
				CLANG_WARN_OBJC_IMPLICIT_RETAIN_SELF = YES;
				CLANG_WARN_OBJC_LITERAL_CONVERSION = YES;
				CLANG_WARN_OBJC_ROOT_CLASS = YES_ERROR;
				CLANG_WARN_QUOTED_INCLUDE_IN_FRAMEWORK_HEADER = YES;
				CLANG_WARN_RANGE_LOOP_ANALYSIS = YES;
				CLANG_WARN_STRICT_PROTOTYPES = YES;
				CLANG_WARN_SUSPICIOUS_MOVE = YES;
				CLANG_WARN_UNGUARDED_AVAILABILITY = YES_AGGRESSIVE;
				CLANG_WARN_UNREACHABLE_CODE = YES;
				CLANG_WARN__DUPLICATE_METHOD_MATCH = YES;
				COPY_PHASE_STRIP = NO;
				DEBUG_INFORMATION_FORMAT = dwarf;
				ENABLE_STRICT_OBJC_MSGSEND = YES;
				ENABLE_TESTABILITY = YES;
				ENABLE_USER_SCRIPT_SANDBOXING = YES;
				GCC_C_LANGUAGE_STANDARD = gnu17;
				GCC_DYNAMIC_NO_PIC = NO;
				GCC_NO_COMMON_BLOCKS = YES;
				GCC_OPTIMIZATION_LEVEL = 0;
				GCC_PREPROCESSOR_DEFINITIONS = (
					"DEBUG=1",
					"$(inherited)",
				);
				GCC_WARN_64_TO_32_BIT_CONVERSION = YES;
				GCC_WARN_ABOUT_RETURN_TYPE = YES_ERROR;
				GCC_WARN_UNDECLARED_SELECTOR = YES;
				GCC_WARN_UNINITIALIZED_AUTOS = YES_AGGRESSIVE;
				GCC_WARN_UNUSED_FUNCTION = YES;
				GCC_WARN_UNUSED_VARIABLE = YES;
				LOCALIZATION_PREFERS_STRING_CATALOGS = YES;
				MTL_ENABLE_DEBUG_INFO = INCLUDE_SOURCE;
				MTL_FAST_MATH = YES;
				ONLY_ACTIVE_ARCH = YES;
				SWIFT_ACTIVE_COMPILATION_CONDITIONS = "DEBUG $(inherited)";
				SWIFT_OPTIMIZATION_LEVEL = "-Onone";
			};
			name = Debug;
		};
		4731B72A2BC16BB900F38239 /* Release */ = {
			isa = XCBuildConfiguration;
			buildSettings = {
				ALWAYS_SEARCH_USER_PATHS = NO;
				ASSETCATALOG_COMPILER_GENERATE_SWIFT_ASSET_SYMBOL_EXTENSIONS = YES;
				CLANG_ANALYZER_NONNULL = YES;
				CLANG_ANALYZER_NUMBER_OBJECT_CONVERSION = YES_AGGRESSIVE;
				CLANG_CXX_LANGUAGE_STANDARD = "gnu++20";
				CLANG_ENABLE_MODULES = YES;
				CLANG_ENABLE_OBJC_ARC = YES;
				CLANG_ENABLE_OBJC_WEAK = YES;
				CLANG_WARN_BLOCK_CAPTURE_AUTORELEASING = YES;
				CLANG_WARN_BOOL_CONVERSION = YES;
				CLANG_WARN_COMMA = YES;
				CLANG_WARN_CONSTANT_CONVERSION = YES;
				CLANG_WARN_DEPRECATED_OBJC_IMPLEMENTATIONS = YES;
				CLANG_WARN_DIRECT_OBJC_ISA_USAGE = YES_ERROR;
				CLANG_WARN_DOCUMENTATION_COMMENTS = YES;
				CLANG_WARN_EMPTY_BODY = YES;
				CLANG_WARN_ENUM_CONVERSION = YES;
				CLANG_WARN_INFINITE_RECURSION = YES;
				CLANG_WARN_INT_CONVERSION = YES;
				CLANG_WARN_NON_LITERAL_NULL_CONVERSION = YES;
				CLANG_WARN_OBJC_IMPLICIT_RETAIN_SELF = YES;
				CLANG_WARN_OBJC_LITERAL_CONVERSION = YES;
				CLANG_WARN_OBJC_ROOT_CLASS = YES_ERROR;
				CLANG_WARN_QUOTED_INCLUDE_IN_FRAMEWORK_HEADER = YES;
				CLANG_WARN_RANGE_LOOP_ANALYSIS = YES;
				CLANG_WARN_STRICT_PROTOTYPES = YES;
				CLANG_WARN_SUSPICIOUS_MOVE = YES;
				CLANG_WARN_UNGUARDED_AVAILABILITY = YES_AGGRESSIVE;
				CLANG_WARN_UNREACHABLE_CODE = YES;
				CLANG_WARN__DUPLICATE_METHOD_MATCH = YES;
				COPY_PHASE_STRIP = NO;
				DEBUG_INFORMATION_FORMAT = "dwarf-with-dsym";
				ENABLE_NS_ASSERTIONS = NO;
				ENABLE_STRICT_OBJC_MSGSEND = YES;
				ENABLE_USER_SCRIPT_SANDBOXING = YES;
				GCC_C_LANGUAGE_STANDARD = gnu17;
				GCC_NO_COMMON_BLOCKS = YES;
				GCC_WARN_64_TO_32_BIT_CONVERSION = YES;
				GCC_WARN_ABOUT_RETURN_TYPE = YES_ERROR;
				GCC_WARN_UNDECLARED_SELECTOR = YES;
				GCC_WARN_UNINITIALIZED_AUTOS = YES_AGGRESSIVE;
				GCC_WARN_UNUSED_FUNCTION = YES;
				GCC_WARN_UNUSED_VARIABLE = YES;
				LOCALIZATION_PREFERS_STRING_CATALOGS = YES;
				MTL_ENABLE_DEBUG_INFO = NO;
				MTL_FAST_MATH = YES;
				SWIFT_COMPILATION_MODE = wholemodule;
			};
			name = Release;
		};
		4731B72C2BC16BB900F38239 /* Debug */ = {
			isa = XCBuildConfiguration;
			buildSettings = {
				ASSETCATALOG_COMPILER_APPICON_NAME = AppIcon;
				ASSETCATALOG_COMPILER_GLOBAL_ACCENT_COLOR_NAME = AccentColor;
				CODE_SIGN_ENTITLEMENTS = NetflixClone2/NetflixClone2.entitlements;
				CODE_SIGN_STYLE = Automatic;
				CURRENT_PROJECT_VERSION = 1;
				DEVELOPMENT_ASSET_PATHS = "\"NetflixClone2/Preview Content\"";
				DEVELOPMENT_TEAM = 69286X3ZF8;
				ENABLE_HARDENED_RUNTIME = YES;
				ENABLE_PREVIEWS = YES;
				GENERATE_INFOPLIST_FILE = YES;
				"INFOPLIST_KEY_UIApplicationSceneManifest_Generation[sdk=iphoneos*]" = YES;
				"INFOPLIST_KEY_UIApplicationSceneManifest_Generation[sdk=iphonesimulator*]" = YES;
				"INFOPLIST_KEY_UIApplicationSupportsIndirectInputEvents[sdk=iphoneos*]" = YES;
				"INFOPLIST_KEY_UIApplicationSupportsIndirectInputEvents[sdk=iphonesimulator*]" = YES;
				"INFOPLIST_KEY_UILaunchScreen_Generation[sdk=iphoneos*]" = YES;
				"INFOPLIST_KEY_UILaunchScreen_Generation[sdk=iphonesimulator*]" = YES;
				"INFOPLIST_KEY_UIStatusBarStyle[sdk=iphoneos*]" = UIStatusBarStyleDefault;
				"INFOPLIST_KEY_UIStatusBarStyle[sdk=iphonesimulator*]" = UIStatusBarStyleDefault;
				INFOPLIST_KEY_UISupportedInterfaceOrientations_iPad = "UIInterfaceOrientationPortrait UIInterfaceOrientationPortraitUpsideDown UIInterfaceOrientationLandscapeLeft UIInterfaceOrientationLandscapeRight";
				INFOPLIST_KEY_UISupportedInterfaceOrientations_iPhone = "UIInterfaceOrientationPortrait UIInterfaceOrientationLandscapeLeft UIInterfaceOrientationLandscapeRight";
				IPHONEOS_DEPLOYMENT_TARGET = 17.4;
				LD_RUNPATH_SEARCH_PATHS = "@executable_path/Frameworks";
				"LD_RUNPATH_SEARCH_PATHS[sdk=macosx*]" = "@executable_path/../Frameworks";
				MACOSX_DEPLOYMENT_TARGET = 14.0;
				MARKETING_VERSION = 1.0;
				PRODUCT_BUNDLE_IDENTIFIER = lube.NetflixClone2;
				PRODUCT_NAME = "$(TARGET_NAME)";
				SDKROOT = auto;
				SUPPORTED_PLATFORMS = "iphoneos iphonesimulator macosx";
				SWIFT_EMIT_LOC_STRINGS = YES;
				SWIFT_VERSION = 5.0;
				TARGETED_DEVICE_FAMILY = "1,2";
			};
			name = Debug;
		};
		4731B72D2BC16BB900F38239 /* Release */ = {
			isa = XCBuildConfiguration;
			buildSettings = {
				ASSETCATALOG_COMPILER_APPICON_NAME = AppIcon;
				ASSETCATALOG_COMPILER_GLOBAL_ACCENT_COLOR_NAME = AccentColor;
				CODE_SIGN_ENTITLEMENTS = NetflixClone2/NetflixClone2.entitlements;
				CODE_SIGN_STYLE = Automatic;
				CURRENT_PROJECT_VERSION = 1;
				DEVELOPMENT_ASSET_PATHS = "\"NetflixClone2/Preview Content\"";
				DEVELOPMENT_TEAM = 69286X3ZF8;
				ENABLE_HARDENED_RUNTIME = YES;
				ENABLE_PREVIEWS = YES;
				GENERATE_INFOPLIST_FILE = YES;
				"INFOPLIST_KEY_UIApplicationSceneManifest_Generation[sdk=iphoneos*]" = YES;
				"INFOPLIST_KEY_UIApplicationSceneManifest_Generation[sdk=iphonesimulator*]" = YES;
				"INFOPLIST_KEY_UIApplicationSupportsIndirectInputEvents[sdk=iphoneos*]" = YES;
				"INFOPLIST_KEY_UIApplicationSupportsIndirectInputEvents[sdk=iphonesimulator*]" = YES;
				"INFOPLIST_KEY_UILaunchScreen_Generation[sdk=iphoneos*]" = YES;
				"INFOPLIST_KEY_UILaunchScreen_Generation[sdk=iphonesimulator*]" = YES;
				"INFOPLIST_KEY_UIStatusBarStyle[sdk=iphoneos*]" = UIStatusBarStyleDefault;
				"INFOPLIST_KEY_UIStatusBarStyle[sdk=iphonesimulator*]" = UIStatusBarStyleDefault;
				INFOPLIST_KEY_UISupportedInterfaceOrientations_iPad = "UIInterfaceOrientationPortrait UIInterfaceOrientationPortraitUpsideDown UIInterfaceOrientationLandscapeLeft UIInterfaceOrientationLandscapeRight";
				INFOPLIST_KEY_UISupportedInterfaceOrientations_iPhone = "UIInterfaceOrientationPortrait UIInterfaceOrientationLandscapeLeft UIInterfaceOrientationLandscapeRight";
				IPHONEOS_DEPLOYMENT_TARGET = 17.4;
				LD_RUNPATH_SEARCH_PATHS = "@executable_path/Frameworks";
				"LD_RUNPATH_SEARCH_PATHS[sdk=macosx*]" = "@executable_path/../Frameworks";
				MACOSX_DEPLOYMENT_TARGET = 14.0;
				MARKETING_VERSION = 1.0;
				PRODUCT_BUNDLE_IDENTIFIER = lube.NetflixClone2;
				PRODUCT_NAME = "$(TARGET_NAME)";
				SDKROOT = auto;
				SUPPORTED_PLATFORMS = "iphoneos iphonesimulator macosx";
				SWIFT_EMIT_LOC_STRINGS = YES;
				SWIFT_VERSION = 5.0;
				TARGETED_DEVICE_FAMILY = "1,2";
			};
			name = Release;
		};
/* End XCBuildConfiguration section */

/* Begin XCConfigurationList section */
		4731B7172BC16BB800F38239 /* Build configuration list for PBXProject "NetflixClone2" */ = {
			isa = XCConfigurationList;
			buildConfigurations = (
				4731B7292BC16BB900F38239 /* Debug */,
				4731B72A2BC16BB900F38239 /* Release */,
			);
			defaultConfigurationIsVisible = 0;
			defaultConfigurationName = Release;
		};
		4731B72B2BC16BB900F38239 /* Build configuration list for PBXNativeTarget "NetflixClone2" */ = {
			isa = XCConfigurationList;
			buildConfigurations = (
				4731B72C2BC16BB900F38239 /* Debug */,
				4731B72D2BC16BB900F38239 /* Release */,
			);
			defaultConfigurationIsVisible = 0;
			defaultConfigurationName = Release;
		};
/* End XCConfigurationList section */

/* Begin XCRemoteSwiftPackageReference section */
		4731B7332BC1724C00F38239 /* XCRemoteSwiftPackageReference "Kingfisher" */ = {
			isa = XCRemoteSwiftPackageReference;
			repositoryURL = "https://github.com/onevcat/Kingfisher.git";
			requirement = {
				kind = upToNextMajorVersion;
				minimumVersion = 7.11.0;
			};
		};
/* End XCRemoteSwiftPackageReference section */

/* Begin XCSwiftPackageProductDependency section */
		4731B7342BC1724C00F38239 /* Kingfisher */ = {
			isa = XCSwiftPackageProductDependency;
			package = 4731B7332BC1724C00F38239 /* XCRemoteSwiftPackageReference "Kingfisher" */;
			productName = Kingfisher;
		};
/* End XCSwiftPackageProductDependency section */
	};
	rootObject = 4731B7142BC16BB800F38239 /* Project object */;
}
